
Microsoft Visual Studio Solution File, Format Version 12.00
# Visual Studio Version 17
VisualStudioVersion = 17.7.34031.279
MinimumVisualStudioVersion = 10.0.40219.1
Project("{FAE04EC0-301F-11D3-BF4B-00C04F79EFBC}") = "Stonislav", "Stonislav\Stonislav.csproj", "{042A725C-7EAC-432B-9AB4-29718E1A7307}"
EndProject
Global
	GlobalSection(SolutionConfigurationPlatforms) = preSolution
		Debug|Any CPU = Debug|Any CPU
		Release|Any CPU = Release|Any CPU
	EndGlobalSection
	GlobalSection(ProjectConfigurationPlatforms) = postSolution
		{042A725C-7EAC-432B-9AB4-29718E1A7307}.Debug|Any CPU.ActiveCfg = Debug|Any CPU
		{042A725C-7EAC-432B-9AB4-29718E1A7307}.Debug|Any CPU.Build.0 = Debug|Any CPU
		{042A725C-7EAC-432B-9AB4-29718E1A7307}.Release|Any CPU.ActiveCfg = Release|Any CPU
		{042A725C-7EAC-432B-9AB4-29718E1A7307}.Release|Any CPU.Build.0 = Release|Any CPU
	EndGlobalSection
	GlobalSection(SolutionProperties) = preSolution
		HideSolutionNode = FALSE
	EndGlobalSection
	GlobalSection(ExtensibilityGlobals) = postSolution
		SolutionGuid = {8C885CE4-B873-40CD-B9A4-FABA3DF51013}
	EndGlobalSection
EndGlobal
